{
  "originHash" : "ac9ad421f5b1cd8e2ecf7b7d5e542948dd0dd6fd629c8045ae0aeff840bbd165",
  "pins" : [
    {
      "identity" : "zoop-package-public",
      "kind" : "remoteSourceControl",
      "location" : "https://github.com/getzoop/zoop-package-public",
      "state" : {
        "branch" : "release-zoop-sdk-taponphone-ios-3.4.6",
        "revision" : "54f6f99fd0750aa525780ee4bb7c6e42af0c21cf"
      }
    }
  ],
  "version" : 3
}
