{
  "originHash" : "ac9ad421f5b1cd8e2ecf7b7d5e542948dd0dd6fd629c8045ae0aeff840bbd165",
  "pins" : [
    {
      "identity" : "zoop-package-public",
      "kind" : "remoteSourceControl",
      "location" : "https://github.com/getzoop/zoop-package-public",
      "state" : {
        "branch" : "release-zoop-sdk-taponphone-ios-3.4.3",
        "revision" : "43d5ae54d40c054b51ee391cbe328cb0d1d81989"
      }
    }
  ],
  "version" : 3
}
